
Microsoft Visual Studio Solution File, Format Version 12.00
# Visual Studio Version 16
VisualStudioVersion = 16.0.30503.244
MinimumVisualStudioVersion = 10.0.40219.1
Project("{8BC9CEB8-8B4A-11D0-8D11-00A0C91BC942}") = "NULLterminatedLines", "NULLterminatedLines\NULLterminatedLines.vcxproj", "{933B6B1D-EF42-4884-BEE0-B32BBED1DA91}"
EndProject
Global
	GlobalSection(SolutionConfigurationPlatforms) = preSolution
		Debug|x64 = Debug|x64
		Debug|x86 = Debug|x86
		Release|x64 = Release|x64
		Release|x86 = Release|x86
	EndGlobalSection
	GlobalSection(ProjectConfigurationPlatforms) = postSolution
		{933B6B1D-EF42-4884-BEE0-B32BBED1DA91}.Debug|x64.ActiveCfg = Debug|x64
		{933B6B1D-EF42-4884-BEE0-B32BBED1DA91}.Debug|x64.Build.0 = Debug|x64
		{933B6B1D-EF42-4884-BEE0-B32BBED1DA91}.Debug|x86.ActiveCfg = Debug|Win32
		{933B6B1D-EF42-4884-BEE0-B32BBED1DA91}.Debug|x86.Build.0 = Debug|Win32
		{933B6B1D-EF42-4884-BEE0-B32BBED1DA91}.Release|x64.ActiveCfg = Release|x64
		{933B6B1D-EF42-4884-BEE0-B32BBED1DA91}.Release|x64.Build.0 = Release|x64
		{933B6B1D-EF42-4884-BEE0-B32BBED1DA91}.Release|x86.ActiveCfg = Release|Win32
		{933B6B1D-EF42-4884-BEE0-B32BBED1DA91}.Release|x86.Build.0 = Release|Win32
	EndGlobalSection
	GlobalSection(SolutionProperties) = preSolution
		HideSolutionNode = FALSE
	EndGlobalSection
	GlobalSection(ExtensibilityGlobals) = postSolution
		SolutionGuid = {789DCC78-C01B-4B13-A818-4BBDF66315C5}
	EndGlobalSection
EndGlobal
